Microsoft Visual Studio Solution File, Format Version 12.00
# Visual Studio Version 17
VisualStudioVersion = 17.5.2.0
MinimumVisualStudioVersion = 10.0.40219.1
Project("{FAE04EC0-301F-11D3-BF4B-00C04F79EFBC}") = "ClubRuns.App", "ClubRuns.App.csproj", "{508C10E3-F56C-B92F-9C47-FB14C7F025A0}"
EndProject
Global
	GlobalSection(SolutionConfigurationPlatforms) = preSolution
		Debug|Any CPU = Debug|Any CPU
		Release|Any CPU = Release|Any CPU
	EndGlobalSection
	GlobalSection(ProjectConfigurationPlatforms) = postSolution
		{508C10E3-F56C-B92F-9C47-FB14C7F025A0}.Debug|Any CPU.ActiveCfg = Debug|Any CPU
		{508C10E3-F56C-B92F-9C47-FB14C7F025A0}.Debug|Any CPU.Build.0 = Debug|Any CPU
		{508C10E3-F56C-B92F-9C47-FB14C7F025A0}.Release|Any CPU.ActiveCfg = Release|Any CPU
		{508C10E3-F56C-B92F-9C47-FB14C7F025A0}.Release|Any CPU.Build.0 = Release|Any CPU
	EndGlobalSection
	GlobalSection(SolutionProperties) = preSolution
		HideSolutionNode = FALSE
	EndGlobalSection
	GlobalSection(ExtensibilityGlobals) = postSolution
		SolutionGuid = {E7EC941E-EA26-4D04-89B8-B95C881267EF}
	EndGlobalSection
EndGlobal
